
Microsoft Visual Studio Solution File, Format Version 12.00
# Visual Studio 15
VisualStudioVersion = 15.0.28307.136
MinimumVisualStudioVersion = 10.0.40219.1
Project("{FAE04EC0-301F-11D3-BF4B-00C04F79EFBC}") = "Day01", "Day01\Day01.csproj", "{550153EF-7492-43BD-9016-E71BD9996CC9}"
EndProject
Project("{FAE04EC0-301F-11D3-BF4B-00C04F79EFBC}") = "Day02", "Day02\Day02.csproj", "{66C0FBA4-F92C-4FC9-A09E-6ED80A6E541B}"
EndProject
Project("{FAE04EC0-301F-11D3-BF4B-00C04F79EFBC}") = "Day03", "Day03\Day03.csproj", "{90F2BFB2-00F4-45DC-8F6F-07CFC153CA0B}"
EndProject
Project("{FAE04EC0-301F-11D3-BF4B-00C04F79EFBC}") = "AoC2018Lib", "AoC2018Lib\AoC2018Lib.csproj", "{CE155610-8214-409A-AD98-50A0A68EC4EA}"
EndProject
Global
	GlobalSection(SolutionConfigurationPlatforms) = preSolution
		Debug|Any CPU = Debug|Any CPU
		Release|Any CPU = Release|Any CPU
	EndGlobalSection
	GlobalSection(ProjectConfigurationPlatforms) = postSolution
		{550153EF-7492-43BD-9016-E71BD9996CC9}.Debug|Any CPU.ActiveCfg = Debug|Any CPU
		{550153EF-7492-43BD-9016-E71BD9996CC9}.Debug|Any CPU.Build.0 = Debug|Any CPU
		{550153EF-7492-43BD-9016-E71BD9996CC9}.Release|Any CPU.ActiveCfg = Release|Any CPU
		{550153EF-7492-43BD-9016-E71BD9996CC9}.Release|Any CPU.Build.0 = Release|Any CPU
		{66C0FBA4-F92C-4FC9-A09E-6ED80A6E541B}.Debug|Any CPU.ActiveCfg = Debug|Any CPU
		{66C0FBA4-F92C-4FC9-A09E-6ED80A6E541B}.Debug|Any CPU.Build.0 = Debug|Any CPU
		{66C0FBA4-F92C-4FC9-A09E-6ED80A6E541B}.Release|Any CPU.ActiveCfg = Release|Any CPU
		{66C0FBA4-F92C-4FC9-A09E-6ED80A6E541B}.Release|Any CPU.Build.0 = Release|Any CPU
		{90F2BFB2-00F4-45DC-8F6F-07CFC153CA0B}.Debug|Any CPU.ActiveCfg = Debug|Any CPU
		{90F2BFB2-00F4-45DC-8F6F-07CFC153CA0B}.Debug|Any CPU.Build.0 = Debug|Any CPU
		{90F2BFB2-00F4-45DC-8F6F-07CFC153CA0B}.Release|Any CPU.ActiveCfg = Release|Any CPU
		{90F2BFB2-00F4-45DC-8F6F-07CFC153CA0B}.Release|Any CPU.Build.0 = Release|Any CPU
		{CE155610-8214-409A-AD98-50A0A68EC4EA}.Debug|Any CPU.ActiveCfg = Debug|Any CPU
		{CE155610-8214-409A-AD98-50A0A68EC4EA}.Debug|Any CPU.Build.0 = Debug|Any CPU
		{CE155610-8214-409A-AD98-50A0A68EC4EA}.Release|Any CPU.ActiveCfg = Release|Any CPU
		{CE155610-8214-409A-AD98-50A0A68EC4EA}.Release|Any CPU.Build.0 = Release|Any CPU
	EndGlobalSection
	GlobalSection(SolutionProperties) = preSolution
		HideSolutionNode = FALSE
	EndGlobalSection
	GlobalSection(ExtensibilityGlobals) = postSolution
		SolutionGuid = {14BF2FED-7267-4A18-B156-16E53DDF9749}
	EndGlobalSection
EndGlobal
