
Microsoft Visual Studio Solution File, Format Version 12.00
# Visual Studio 15
VisualStudioVersion = 15.0.28307.136
MinimumVisualStudioVersion = 10.0.40219.1
Project("{FAE04EC0-301F-11D3-BF4B-00C04F79EFBC}") = "Day01", "Day01\Day01.csproj", "{550153EF-7492-43BD-9016-E71BD9996CC9}"
EndProject
Project("{FAE04EC0-301F-11D3-BF4B-00C04F79EFBC}") = "Day02", "Day02\Day02.csproj", "{66C0FBA4-F92C-4FC9-A09E-6ED80A6E541B}"
EndProject
Project("{FAE04EC0-301F-11D3-BF4B-00C04F79EFBC}") = "Day03", "Day03\Day03.csproj", "{90F2BFB2-00F4-45DC-8F6F-07CFC153CA0B}"
EndProject
Project("{FAE04EC0-301F-11D3-BF4B-00C04F79EFBC}") = "AoC2018Lib", "AoC2018Lib\AoC2018Lib.csproj", "{CE155610-8214-409A-AD98-50A0A68EC4EA}"
EndProject
Project("{FAE04EC0-301F-11D3-BF4B-00C04F79EFBC}") = "Day04", "Day04\Day04.csproj", "{53C86287-A343-4184-AE63-D5ED92318FB4}"
EndProject
Project("{FAE04EC0-301F-11D3-BF4B-00C04F79EFBC}") = "Day05", "Day05\Day05.csproj", "{EEF43CBA-7DF8-4A35-9DC8-DF069F13457E}"
EndProject
Project("{FAE04EC0-301F-11D3-BF4B-00C04F79EFBC}") = "Day06", "Day06\Day06.csproj", "{ED4689FB-9634-453D-AB79-2F99290BC5D2}"
EndProject
Project("{FAE04EC0-301F-11D3-BF4B-00C04F79EFBC}") = "Day07", "Day07\Day07.csproj", "{C4B06B59-7723-4130-92FB-2C3B6596B943}"
EndProject
Project("{FAE04EC0-301F-11D3-BF4B-00C04F79EFBC}") = "Day08", "Day08\Day08.csproj", "{70B70AF9-637C-4B93-871B-BC52AF9A6474}"
EndProject
Project("{FAE04EC0-301F-11D3-BF4B-00C04F79EFBC}") = "Day09", "Day09\Day09.csproj", "{FA6D90BC-980A-45E6-9F3C-DD0F55DAFE1C}"
EndProject
Project("{FAE04EC0-301F-11D3-BF4B-00C04F79EFBC}") = "Day10", "Day10\Day10.csproj", "{1A977D4A-1E72-4EA2-9279-645E830C56BA}"
EndProject
Project("{FAE04EC0-301F-11D3-BF4B-00C04F79EFBC}") = "Day11", "Day11\Day11.csproj", "{ED9B0ABD-C09E-45D8-8568-D3E9ED6A79FE}"
EndProject
Global
	GlobalSection(SolutionConfigurationPlatforms) = preSolution
		Debug|Any CPU = Debug|Any CPU
		Release|Any CPU = Release|Any CPU
	EndGlobalSection
	GlobalSection(ProjectConfigurationPlatforms) = postSolution
		{550153EF-7492-43BD-9016-E71BD9996CC9}.Debug|Any CPU.ActiveCfg = Debug|Any CPU
		{550153EF-7492-43BD-9016-E71BD9996CC9}.Debug|Any CPU.Build.0 = Debug|Any CPU
		{550153EF-7492-43BD-9016-E71BD9996CC9}.Release|Any CPU.ActiveCfg = Release|Any CPU
		{550153EF-7492-43BD-9016-E71BD9996CC9}.Release|Any CPU.Build.0 = Release|Any CPU
		{66C0FBA4-F92C-4FC9-A09E-6ED80A6E541B}.Debug|Any CPU.ActiveCfg = Debug|Any CPU
		{66C0FBA4-F92C-4FC9-A09E-6ED80A6E541B}.Debug|Any CPU.Build.0 = Debug|Any CPU
		{66C0FBA4-F92C-4FC9-A09E-6ED80A6E541B}.Release|Any CPU.ActiveCfg = Release|Any CPU
		{66C0FBA4-F92C-4FC9-A09E-6ED80A6E541B}.Release|Any CPU.Build.0 = Release|Any CPU
		{90F2BFB2-00F4-45DC-8F6F-07CFC153CA0B}.Debug|Any CPU.ActiveCfg = Debug|Any CPU
		{90F2BFB2-00F4-45DC-8F6F-07CFC153CA0B}.Debug|Any CPU.Build.0 = Debug|Any CPU
		{90F2BFB2-00F4-45DC-8F6F-07CFC153CA0B}.Release|Any CPU.ActiveCfg = Release|Any CPU
		{90F2BFB2-00F4-45DC-8F6F-07CFC153CA0B}.Release|Any CPU.Build.0 = Release|Any CPU
		{CE155610-8214-409A-AD98-50A0A68EC4EA}.Debug|Any CPU.ActiveCfg = Debug|Any CPU
		{CE155610-8214-409A-AD98-50A0A68EC4EA}.Debug|Any CPU.Build.0 = Debug|Any CPU
		{CE155610-8214-409A-AD98-50A0A68EC4EA}.Release|Any CPU.ActiveCfg = Release|Any CPU
		{CE155610-8214-409A-AD98-50A0A68EC4EA}.Release|Any CPU.Build.0 = Release|Any CPU
		{53C86287-A343-4184-AE63-D5ED92318FB4}.Debug|Any CPU.ActiveCfg = Debug|Any CPU
		{53C86287-A343-4184-AE63-D5ED92318FB4}.Debug|Any CPU.Build.0 = Debug|Any CPU
		{53C86287-A343-4184-AE63-D5ED92318FB4}.Release|Any CPU.ActiveCfg = Release|Any CPU
		{53C86287-A343-4184-AE63-D5ED92318FB4}.Release|Any CPU.Build.0 = Release|Any CPU
		{EEF43CBA-7DF8-4A35-9DC8-DF069F13457E}.Debug|Any CPU.ActiveCfg = Debug|Any CPU
		{EEF43CBA-7DF8-4A35-9DC8-DF069F13457E}.Debug|Any CPU.Build.0 = Debug|Any CPU
		{EEF43CBA-7DF8-4A35-9DC8-DF069F13457E}.Release|Any CPU.ActiveCfg = Release|Any CPU
		{EEF43CBA-7DF8-4A35-9DC8-DF069F13457E}.Release|Any CPU.Build.0 = Release|Any CPU
		{ED4689FB-9634-453D-AB79-2F99290BC5D2}.Debug|Any CPU.ActiveCfg = Debug|Any CPU
		{ED4689FB-9634-453D-AB79-2F99290BC5D2}.Debug|Any CPU.Build.0 = Debug|Any CPU
		{ED4689FB-9634-453D-AB79-2F99290BC5D2}.Release|Any CPU.ActiveCfg = Release|Any CPU
		{ED4689FB-9634-453D-AB79-2F99290BC5D2}.Release|Any CPU.Build.0 = Release|Any CPU
		{C4B06B59-7723-4130-92FB-2C3B6596B943}.Debug|Any CPU.ActiveCfg = Debug|Any CPU
		{C4B06B59-7723-4130-92FB-2C3B6596B943}.Debug|Any CPU.Build.0 = Debug|Any CPU
		{C4B06B59-7723-4130-92FB-2C3B6596B943}.Release|Any CPU.ActiveCfg = Release|Any CPU
		{C4B06B59-7723-4130-92FB-2C3B6596B943}.Release|Any CPU.Build.0 = Release|Any CPU
		{70B70AF9-637C-4B93-871B-BC52AF9A6474}.Debug|Any CPU.ActiveCfg = Debug|Any CPU
		{70B70AF9-637C-4B93-871B-BC52AF9A6474}.Debug|Any CPU.Build.0 = Debug|Any CPU
		{70B70AF9-637C-4B93-871B-BC52AF9A6474}.Release|Any CPU.ActiveCfg = Release|Any CPU
		{70B70AF9-637C-4B93-871B-BC52AF9A6474}.Release|Any CPU.Build.0 = Release|Any CPU
		{FA6D90BC-980A-45E6-9F3C-DD0F55DAFE1C}.Debug|Any CPU.ActiveCfg = Debug|Any CPU
		{FA6D90BC-980A-45E6-9F3C-DD0F55DAFE1C}.Debug|Any CPU.Build.0 = Debug|Any CPU
		{FA6D90BC-980A-45E6-9F3C-DD0F55DAFE1C}.Release|Any CPU.ActiveCfg = Release|Any CPU
		{FA6D90BC-980A-45E6-9F3C-DD0F55DAFE1C}.Release|Any CPU.Build.0 = Release|Any CPU
		{1A977D4A-1E72-4EA2-9279-645E830C56BA}.Debug|Any CPU.ActiveCfg = Debug|Any CPU
		{1A977D4A-1E72-4EA2-9279-645E830C56BA}.Debug|Any CPU.Build.0 = Debug|Any CPU
		{1A977D4A-1E72-4EA2-9279-645E830C56BA}.Release|Any CPU.ActiveCfg = Release|Any CPU
		{1A977D4A-1E72-4EA2-9279-645E830C56BA}.Release|Any CPU.Build.0 = Release|Any CPU
		{ED9B0ABD-C09E-45D8-8568-D3E9ED6A79FE}.Debug|Any CPU.ActiveCfg = Debug|Any CPU
		{ED9B0ABD-C09E-45D8-8568-D3E9ED6A79FE}.Debug|Any CPU.Build.0 = Debug|Any CPU
		{ED9B0ABD-C09E-45D8-8568-D3E9ED6A79FE}.Release|Any CPU.ActiveCfg = Release|Any CPU
		{ED9B0ABD-C09E-45D8-8568-D3E9ED6A79FE}.Release|Any CPU.Build.0 = Release|Any CPU
	EndGlobalSection
	GlobalSection(SolutionProperties) = preSolution
		HideSolutionNode = FALSE
	EndGlobalSection
	GlobalSection(ExtensibilityGlobals) = postSolution
		SolutionGuid = {14BF2FED-7267-4A18-B156-16E53DDF9749}
	EndGlobalSection
EndGlobal
